Microsoft Visual Studio Solution File, Format Version 11.00
# Visual Studio 2008

Project("{7E8769D5-C4AD-E2D3-10E4-BF0A8B64767B}") = "Xia2", "Assembly-CSharp-firstpass.csproj", "{90EBC41B-1202-5C17-54F7-5BDE5A54B3DC}"
EndProject
Project("{7E8769D5-C4AD-E2D3-10E4-BF0A8B64767B}") = "Xia2", "Assembly-CSharp.csproj", "{66A7F9EB-916B-5EBE-2B4D-789E42DD6431}"
EndProject
Project("{7E8769D5-C4AD-E2D3-10E4-BF0A8B64767B}") = "Xia2", "Assembly-CSharp-Editor.csproj", "{1634E014-17EF-9D35-61C6-06B0EE08AB95}"
EndProject
Project("{7E8769D5-C4AD-E2D3-10E4-BF0A8B64767B}") = "Xia2", "Assembly-UnityScript-firstpass.unityproj", "{70A58259-3882-C449-D7CC-ABC483381643}"
EndProject
Project("{7E8769D5-C4AD-E2D3-10E4-BF0A8B64767B}") = "Xia2", "Assembly-UnityScript.unityproj", "{4677C1E9-5BB2-D316-8932-06A97ADC9781}"
EndProject
Project("{7E8769D5-C4AD-E2D3-10E4-BF0A8B64767B}") = "Xia2", "Assembly-UnityScript-Editor.unityproj", "{8A4FA3E1-E72B-6F43-AC94-48C95C4F311A}"
EndProject
Global
	GlobalSection(SolutionConfigurationPlatforms) = preSolution
		Debug|Any CPU = Debug|Any CPU
		Release|Any CPU = Release|Any CPU
	EndGlobalSection
	GlobalSection(ProjectConfigurationPlatforms) = postSolution
		{90EBC41B-1202-5C17-54F7-5BDE5A54B3DC}.Debug|Any CPU.ActiveCfg = Debug|Any CPU
		{90EBC41B-1202-5C17-54F7-5BDE5A54B3DC}.Debug|Any CPU.Build.0 = Debug|Any CPU
		{90EBC41B-1202-5C17-54F7-5BDE5A54B3DC}.Release|Any CPU.ActiveCfg = Release|Any CPU
		{90EBC41B-1202-5C17-54F7-5BDE5A54B3DC}.Release|Any CPU.Build.0 = Release|Any CPU
		{66A7F9EB-916B-5EBE-2B4D-789E42DD6431}.Debug|Any CPU.ActiveCfg = Debug|Any CPU
		{66A7F9EB-916B-5EBE-2B4D-789E42DD6431}.Debug|Any CPU.Build.0 = Debug|Any CPU
		{66A7F9EB-916B-5EBE-2B4D-789E42DD6431}.Release|Any CPU.ActiveCfg = Release|Any CPU
		{66A7F9EB-916B-5EBE-2B4D-789E42DD6431}.Release|Any CPU.Build.0 = Release|Any CPU
		{1634E014-17EF-9D35-61C6-06B0EE08AB95}.Debug|Any CPU.ActiveCfg = Debug|Any CPU
		{1634E014-17EF-9D35-61C6-06B0EE08AB95}.Debug|Any CPU.Build.0 = Debug|Any CPU
		{1634E014-17EF-9D35-61C6-06B0EE08AB95}.Release|Any CPU.ActiveCfg = Release|Any CPU
		{1634E014-17EF-9D35-61C6-06B0EE08AB95}.Release|Any CPU.Build.0 = Release|Any CPU
		{70A58259-3882-C449-D7CC-ABC483381643}.Debug|Any CPU.ActiveCfg = Debug|Any CPU
		{70A58259-3882-C449-D7CC-ABC483381643}.Debug|Any CPU.Build.0 = Debug|Any CPU
		{70A58259-3882-C449-D7CC-ABC483381643}.Release|Any CPU.ActiveCfg = Release|Any CPU
		{70A58259-3882-C449-D7CC-ABC483381643}.Release|Any CPU.Build.0 = Release|Any CPU
		{4677C1E9-5BB2-D316-8932-06A97ADC9781}.Debug|Any CPU.ActiveCfg = Debug|Any CPU
		{4677C1E9-5BB2-D316-8932-06A97ADC9781}.Debug|Any CPU.Build.0 = Debug|Any CPU
		{4677C1E9-5BB2-D316-8932-06A97ADC9781}.Release|Any CPU.ActiveCfg = Release|Any CPU
		{4677C1E9-5BB2-D316-8932-06A97ADC9781}.Release|Any CPU.Build.0 = Release|Any CPU
		{8A4FA3E1-E72B-6F43-AC94-48C95C4F311A}.Debug|Any CPU.ActiveCfg = Debug|Any CPU
		{8A4FA3E1-E72B-6F43-AC94-48C95C4F311A}.Debug|Any CPU.Build.0 = Debug|Any CPU
		{8A4FA3E1-E72B-6F43-AC94-48C95C4F311A}.Release|Any CPU.ActiveCfg = Release|Any CPU
		{8A4FA3E1-E72B-6F43-AC94-48C95C4F311A}.Release|Any CPU.Build.0 = Release|Any CPU
	EndGlobalSection
	GlobalSection(SolutionProperties) = preSolution
		HideSolutionNode = FALSE
	EndGlobalSection
				GlobalSection(MonoDevelopProperties) = preSolution
		StartupItem = Assembly-CSharp.csproj
		Policies = $0
		$0.TextStylePolicy = $1
		$1.inheritsSet = null
		$1.scope = text/x-csharp
		$0.CSharpFormattingPolicy = $2
		$2.inheritsSet = Mono
		$2.inheritsScope = text/x-csharp
		$2.scope = text/x-csharp
		$0.TextStylePolicy = $3
		$3.FileWidth = 120
		$3.TabWidth = 4
		$3.IndentWidth = 4
		$3.EolMarker = Unix
		$3.inheritsSet = Mono
		$3.inheritsScope = text/plain
		$3.scope = text/plain
	EndGlobalSection

EndGlobal
